
Microsoft Visual Studio Solution File, Format Version 11.00
# Visual Studio 2010
Project("{FAE04EC0-301F-11D3-BF4B-00C04F79EFBC}") = "Assembly-CSharp", "Assembly-CSharp.csproj", "{72AF7E66-EA66-2498-B2C9-5325447F48F6}"
EndProject
Global
	GlobalSection(SolutionConfigurationPlatforms) = preSolution
		Debug|Any CPU = Debug|Any CPU
		Release|Any CPU = Release|Any CPU
	EndGlobalSection
	GlobalSection(ProjectConfigurationPlatforms) = postSolution
		{72AF7E66-EA66-2498-B2C9-5325447F48F6}.Debug|Any CPU.ActiveCfg = Debug|Any CPU
		{72AF7E66-EA66-2498-B2C9-5325447F48F6}.Debug|Any CPU.Build.0 = Debug|Any CPU
		{72AF7E66-EA66-2498-B2C9-5325447F48F6}.Release|Any CPU.ActiveCfg = Release|Any CPU
		{72AF7E66-EA66-2498-B2C9-5325447F48F6}.Release|Any CPU.Build.0 = Release|Any CPU
	EndGlobalSection
	GlobalSection(SolutionProperties) = preSolution
		HideSolutionNode = FALSE
	EndGlobalSection
EndGlobal
